<?xml version="1.0" encoding="utf-8"?>
<Project ToolsVersion="4.0" xmlns="http://schemas.microsoft.com/developer/msbuild/2003">
  <ItemGroup>
    <Filter Include="Source Files">
      <UniqueIdentifier>{4FC737F1-C7A5-4376-A066-2A32D752A2FF}</UniqueIdentifier>
      <Extensions>cpp;c;cc;cxx;c++;cppm;ixx;def;odl;idl;hpj;bat;asm;asmx</Extensions>
    </Filter>
    <Filter Include="Header Files">
      <UniqueIdentifier>{93995380-89BD-4b04-88EB-625FBE52EBFB}</UniqueIdentifier>
      <Extensions>h;hh;hpp;hxx;h++;hm;inl;inc;ipp;xsd</Extensions>
    </Filter>
    <Filter Include="Components">
      <UniqueIdentifier>{6ed6b837-67fe-4015-93de-9174c0535f31}</UniqueIdentifier>
    </Filter>
    <Filter Include="Prefabs">
      <UniqueIdentifier>{874c8a18-ab5b-443f-88db-b95ef181670f}</UniqueIdentifier>
    </Filter>
    <Filter Include="Misc">
      <UniqueIdentifier>{520c94b5-80d4-4edd-b5f8-512e38e35049}</UniqueIdentifier>
    </Filter>
  </ItemGroup>
  <ItemGroup>
    <ClCompile Include="Main.cpp">
      <Filter>Source Files</Filter>
    </ClCompile>
    <ClCompile Include="..\Minigin\PeterPepperComponent.cpp">
      <Filter>Components</Filter>
    </ClCompile>
    <ClCompile Include="Platform.cpp">
      <Filter>Prefabs</Filter>
    </ClCompile>
    <ClCompile Include="Ladder.cpp">
      <Filter>Prefabs</Filter>
    </ClCompile>
    <ClCompile Include="PeterPepper.cpp">
      <Filter>Prefabs</Filter>
    </ClCompile>
    <ClCompile Include="EnemyComponent.cpp">
      <Filter>Components</Filter>
    </ClCompile>
    <ClCompile Include="MrHotDog.cpp">
      <Filter>Prefabs</Filter>
    </ClCompile>
    <ClCompile Include="LadderComponent.cpp">
      <Filter>Components</Filter>
    </ClCompile>
    <ClCompile Include="PlatformComponent.cpp">
      <Filter>Components</Filter>
    </ClCompile>
    <ClCompile Include="IngredientComponent.cpp">
      <Filter>Components</Filter>
    </ClCompile>
    <ClCompile Include="GameInstance.cpp">
      <Filter>Misc</Filter>
    </ClCompile>
    <ClCompile Include="LevelLoader.cpp">
      <Filter>Misc</Filter>
    </ClCompile>
    <ClCompile Include="NextScreen.cpp">
      <Filter>Prefabs</Filter>
    </ClCompile>
    <ClCompile Include="DeathScreen.cpp">
      <Filter>Prefabs</Filter>
    </ClCompile>
    <ClCompile Include="TransitionComponent.cpp">
      <Filter>Components</Filter>
    </ClCompile>
    <ClCompile Include="MrEgg.cpp">
      <Filter>Prefabs</Filter>
    </ClCompile>
    <ClCompile Include="Cheese.cpp">
      <Filter>Prefabs</Filter>
    </ClCompile>
    <ClCompile Include="Bun.cpp">
      <Filter>Prefabs</Filter>
    </ClCompile>
    <ClCompile Include="BottomBun.cpp">
      <Filter>Prefabs</Filter>
    </ClCompile>
    <ClCompile Include="Lettuce.cpp">
      <Filter>Prefabs</Filter>
    </ClCompile>
    <ClCompile Include="Patty.cpp">
      <Filter>Prefabs</Filter>
    </ClCompile>
    <ClCompile Include="Tomato.cpp">
      <Filter>Prefabs</Filter>
    </ClCompile>
    <ClCompile Include="PepperDisplayComponent.cpp">
      <Filter>Components</Filter>
    </ClCompile>
    <ClCompile Include="Plate.cpp">
      <Filter>Prefabs</Filter>
    </ClCompile>
    <ClCompile Include="PepperComponent.cpp">
      <Filter>Components</Filter>
    </ClCompile>
    <ClCompile Include="EnemySpawner.cpp">
      <Filter>Prefabs</Filter>
    </ClCompile>
    <ClCompile Include="MrPickle.cpp">
      <Filter>Prefabs</Filter>
    </ClCompile>
    <ClCompile Include="EnemySpawnComponent.cpp">
      <Filter>Components</Filter>
    </ClCompile>
    <ClCompile Include="Game.cpp">
      <Filter>Misc</Filter>
    </ClCompile>
    <ClCompile Include="PeterPepperJr.cpp">
      <Filter>Prefabs</Filter>
    </ClCompile>
    <ClCompile Include="MenuComponent.cpp">
      <Filter>Components</Filter>
    </ClCompile>
    <ClCompile Include="MenuScreen.cpp">
      <Filter>Prefabs</Filter>
    </ClCompile>
    <ClCompile Include="LifeLostScreen.cpp">
      <Filter>Prefabs</Filter>
    </ClCompile>
    <ClCompile Include="PlayerHotDog.cpp">
      <Filter>Prefabs</Filter>
    </ClCompile>
    <ClCompile Include="PlayerDogComponent.cpp">
      <Filter>Components</Filter>
    </ClCompile>
  </ItemGroup>
  <ItemGroup>
    <ClInclude Include="..\Minigin\PeterPepperComponent.h">
      <Filter>Components</Filter>
    </ClInclude>
    <ClInclude Include="..\Minigin\Tags.h">
      <Filter>Misc</Filter>
    </ClInclude>
    <ClInclude Include="Platform.h">
      <Filter>Prefabs</Filter>
    </ClInclude>
    <ClInclude Include="Ladder.h">
      <Filter>Prefabs</Filter>
    </ClInclude>
    <ClInclude Include="PeterPepper.h">
      <Filter>Prefabs</Filter>
    </ClInclude>
    <ClInclude Include="EnemyComponent.h">
      <Filter>Components</Filter>
    </ClInclude>
    <ClInclude Include="MrHotDog.h">
      <Filter>Prefabs</Filter>
    </ClInclude>
    <ClInclude Include="LadderComponent.h">
      <Filter>Components</Filter>
    </ClInclude>
    <ClInclude Include="IngredientComponent.h">
      <Filter>Components</Filter>
    </ClInclude>
    <ClInclude Include="PlatformComponent.h">
      <Filter>Components</Filter>
    </ClInclude>
    <ClInclude Include="GameInstance.h">
      <Filter>Misc</Filter>
    </ClInclude>
    <ClInclude Include="LevelLoader.h">
      <Filter>Misc</Filter>
    </ClInclude>
    <ClInclude Include="NextScreen.h">
      <Filter>Prefabs</Filter>
    </ClInclude>
    <ClInclude Include="DeathScreen.h">
      <Filter>Prefabs</Filter>
    </ClInclude>
    <ClInclude Include="TransitionComponent.h">
      <Filter>Components</Filter>
    </ClInclude>
    <ClInclude Include="MrEgg.h">
      <Filter>Prefabs</Filter>
    </ClInclude>
    <ClInclude Include="Cheese.h">
      <Filter>Prefabs</Filter>
    </ClInclude>
    <ClInclude Include="Bun.h">
      <Filter>Prefabs</Filter>
    </ClInclude>
    <ClInclude Include="BottomBun.h">
      <Filter>Prefabs</Filter>
    </ClInclude>
    <ClInclude Include="Lettuce.h">
      <Filter>Prefabs</Filter>
    </ClInclude>
    <ClInclude Include="Patty.h">
      <Filter>Prefabs</Filter>
    </ClInclude>
    <ClInclude Include="Tomato.h">
      <Filter>Prefabs</Filter>
    </ClInclude>
    <ClInclude Include="PepperDisplayComponent.h">
      <Filter>Components</Filter>
    </ClInclude>
    <ClInclude Include="EnemySpawner.h">
      <Filter>Prefabs</Filter>
    </ClInclude>
    <ClInclude Include="PepperComponent.h">
      <Filter>Components</Filter>
    </ClInclude>
    <ClInclude Include="Plate.h">
      <Filter>Prefabs</Filter>
    </ClInclude>
    <ClInclude Include="MrPickle.h">
      <Filter>Prefabs</Filter>
    </ClInclude>
    <ClInclude Include="EnemySpawnComponent.h">
      <Filter>Components</Filter>
    </ClInclude>
    <ClInclude Include="Game.h">
      <Filter>Misc</Filter>
    </ClInclude>
    <ClInclude Include="PeterPepperJr.h">
      <Filter>Prefabs</Filter>
    </ClInclude>
    <ClInclude Include="MenuScreen.h">
      <Filter>Prefabs</Filter>
    </ClInclude>
    <ClInclude Include="MenuComponent.h">
      <Filter>Components</Filter>
    </ClInclude>
    <ClInclude Include="PlayerHotDog.h">
      <Filter>Prefabs</Filter>
    </ClInclude>
    <ClInclude Include="LifeLostScreen.h">
      <Filter>Prefabs</Filter>
    </ClInclude>
    <ClInclude Include="PlayerDogComponent.h">
      <Filter>Components</Filter>
    </ClInclude>
  </ItemGroup>
</Project>